
Microsoft Visual Studio Solution File, Format Version 12.00
# Visual Studio Version 17
VisualStudioVersion = 17.9.34728.123
MinimumVisualStudioVersion = 10.0.40219.1
Project("{FAE04EC0-301F-11D3-BF4B-00C04F79EFBC}") = "Assignment 1", "Assignment 1.csproj", "{D1CACF5A-6D99-4643-B2E3-12FB695019DB}"
EndProject
Global
	GlobalSection(SolutionConfigurationPlatforms) = preSolution
		Debug|Any CPU = Debug|Any CPU
		Release|Any CPU = Release|Any CPU
	EndGlobalSection
	GlobalSection(ProjectConfigurationPlatforms) = postSolution
		{D1CACF5A-6D99-4643-B2E3-12FB695019DB}.Debug|Any CPU.ActiveCfg = Debug|Any CPU
		{D1CACF5A-6D99-4643-B2E3-12FB695019DB}.Debug|Any CPU.Build.0 = Debug|Any CPU
		{D1CACF5A-6D99-4643-B2E3-12FB695019DB}.Release|Any CPU.ActiveCfg = Release|Any CPU
		{D1CACF5A-6D99-4643-B2E3-12FB695019DB}.Release|Any CPU.Build.0 = Release|Any CPU
	EndGlobalSection
	GlobalSection(SolutionProperties) = preSolution
		HideSolutionNode = FALSE
	EndGlobalSection
	GlobalSection(ExtensibilityGlobals) = postSolution
		SolutionGuid = {0B9F8864-4DE9-493A-9513-A75AF684C8BF}
	EndGlobalSection
EndGlobal
